# This file is machine-generated by `gh actions-lock`.
# Do not edit by hand; run `gh actions-lock` to update.
# Docs: https://gh.io/actions-lockfile
version: 'v0.0.2'
workflows:
    '.github/workflows/boj-build.yml':
        - 'actions/checkout@v6.0.2'
    '.github/workflows/codeql.yml':
        - 'actions/checkout@v6.0.2'
        - 'github/codeql-action@v4.34.0'
    '.github/workflows/dependabot-automerge.yml':
        - 'dependabot/fetch-metadata@v2.2.0'
    '.github/workflows/dogfood-gate.yml':
        - 'actions/checkout@v4.3.1'
        - 'hyperpolymath/deed-ecosystem@main'
        - 'hyperpolymath/k9-ecosystem@main'
    '.github/workflows/instant-sync.yml':
        - 'peter-evans/repository-dispatch@v4.0.1'
    '.github/workflows/main-estate-audit.yml':
        - 'actions/checkout@v4.4.0'
        - 'hyperpolymath/cicd-suite@main'
    '.github/workflows/mirror.yml':
        - 'actions/checkout@v6.0.2'
        - 'dtolnay/rust-toolchain@master'
        - 'webfactory/ssh-agent@v0.9.1'
    '.github/workflows/openssf-compliance.yml':
        - 'actions/checkout@v4.3.1'
    '.github/workflows/push-email-notify.yml':
        - 'hyperpolymath/smtp-notify-action@v0.2.0'
    '.github/workflows/release.yml':
        - 'actions/checkout@v6.0.2'
        - 'actions/upload-artifact@v4.6.2'
        - 'softprops/action-gh-release@v2.5.0'
    '.github/workflows/repository-validation.yml':
        - 'actions/checkout@v7.0.1'
    '.github/workflows/rhodibot.yml':
        - 'actions/checkout@v4.3.1'
    '.github/workflows/static-analysis-gate.yml':
        - 'actions/checkout@v6.0.2'
        - 'actions/download-artifact@v4.1.8'
        - 'actions/upload-artifact@v4.6.2'
        - 'erlef/setup-beam@v1.20.4'
dependencies:
    'actions/checkout@v4.3.1':
        ref: 'v4.3.1'
        commit: 'sha1-34e114876b0b11c390a56381ad16ebd13914f8d5'
        owner_id: 44036562
        repo_id: 197814629
    'actions/checkout@v4.4.0':
        ref: 'v4.4.0'
        commit: 'sha1-11d5960a326750d5838078e36cf38b85af677262'
        owner_id: 44036562
        repo_id: 197814629
    'actions/checkout@v6.0.2':
        ref: 'v6.0.2'
        commit: 'sha1-de0fac2e4500dabe0009e67214ff5f5447ce83dd'
        owner_id: 44036562
        repo_id: 197814629
    'actions/checkout@v7.0.1':
        ref: 'v7.0.1'
        commit: 'sha1-3d3c42e5aac5ba805825da76410c181273ba90b1'
        owner_id: 44036562
        repo_id: 197814629
    'actions/download-artifact@v4.1.8':
        ref: 'v4.1.8'
        commit: 'sha1-fa0a91b85d4f404e444e00e005971372dc801d16'
        owner_id: 44036562
        repo_id: 192626254
    'actions/upload-artifact@v4.6.2':
        ref: 'v4.6.2'
        commit: 'sha1-ea165f8d65b6e75b540449e92b4886f43607fa02'
        owner_id: 44036562
        repo_id: 192625955
    'dependabot/fetch-metadata@v2.2.0':
        ref: 'v2.2.0'
        commit: 'sha1-dbb049abf0d677abbd7f7eee0375145b417fdd34'
        owner_id: 27347476
        repo_id: 371068214
    'dtolnay/rust-toolchain@master':
        ref: 'master'
        commit: 'sha1-efa25f7f19611383d5b0ccf2d1c8914531636bf9'
        owner_id: 1940490
        repo_id: 260749683
    'erlef/setup-beam@v1.20.4':
        ref: 'v1.20.4'
        commit: 'sha1-e6d7c94229049569db56a7ad5a540c051a010af9'
        owner_id: 47606891
        repo_id: 331103973
    'github/codeql-action@v4.34.0':
        ref: 'v4.34.0'
        commit: 'sha1-c6f931105cb2c34c8f901cc885ba1e2e259cf745'
        owner_id: 9919
        repo_id: 259445878
    'hyperpolymath/cicd-suite@main':
        ref: 'main'
        commit: 'sha1-5eb5ae8edac1a7213470ed40fc87499740476303'
        owner_id: 6759885
        repo_id: 1326697643
        uses:
            - 'hyperpolymath/deed-ecosystem@f7a40a4d5cc82b2e73f861119baa6818d77a448d'
    'hyperpolymath/deed-ecosystem@f7a40a4d5cc82b2e73f861119baa6818d77a448d':
        ref: 'main'
        commit: 'sha1-f7a40a4d5cc82b2e73f861119baa6818d77a448d'
        owner_id: 6759885
        repo_id: 1275649586
    'hyperpolymath/deed-ecosystem@main':
        ref: 'main'
        commit: 'sha1-f7a40a4d5cc82b2e73f861119baa6818d77a448d'
        owner_id: 6759885
        repo_id: 1275649586
    'hyperpolymath/k9-ecosystem@main':
        ref: 'main'
        commit: 'sha1-2155aa26a21758f2ba119f61bc7e0e1981c106fb'
        owner_id: 6759885
        repo_id: 1275650185
    'hyperpolymath/smtp-notify-action@v0.2.0':
        ref: 'v0.2.0'
        commit: 'sha1-ede1191ef6ff3ac02c4f4d9efdf837ee517e11d7'
        owner_id: 6759885
        repo_id: 1352485172
    'peter-evans/repository-dispatch@v4.0.1':
        ref: 'v4.0.1'
        commit: 'sha1-28959ce8df70de7be546dd1250a005dd32156697'
        owner_id: 18365890
        repo_id: 220359305
    'softprops/action-gh-release@v2.5.0':
        ref: 'v2.5.0'
        commit: 'sha1-a06a81a03ee405af7f2048a818ed3f03bbf83c7b'
        owner_id: 2242
        repo_id: 204253808
    'webfactory/ssh-agent@v0.9.1':
        ref: 'v0.9.1'
        commit: 'sha1-a6f90b1f127823b31d4d4a8d96047790581349bd'
        owner_id: 135788
        repo_id: 208510314
